# THIS IS AN AUTOGENERATED FILE. DO NOT EDIT THIS FILE DIRECTLY.
# yarn lockfile v1


"@ceramicnetwork/common@^1.11.0", "@ceramicnetwork/common@^1.3.0":
  version "1.11.0"
  resolved "https://registry.yarnpkg.com/@ceramicnetwork/common/-/common-1.11.0.tgz#f195ef61de73366a64d775496c9328660e9a30a2"
  integrity sha512-UU7/POxSl+Wf5f/Wi/ISxhPqaHKqJ4crvVL9/I4FrnDPEqsUPasBwuo5alN6T2zz+AMDksc+bk1FXKLKKY9VRg==
  dependencies:
    "@ceramicnetwork/streamid" "^1.3.9"
    "@overnightjs/logger" "1.2.1"
    abort-controller "^3.0.0"
    caip "~1.0.0"
    cids "~1.1.6"
    colors "1.3.3"
    cross-fetch "^3.1.4"
    flat "^5.0.2"
    lodash.clonedeep "^4.5.0"
    logfmt "^1.3.2"
    rxjs "^7.0.0"
    uint8arrays "^2.0.5"

"@ceramicnetwork/http-client@^1.5.7":
  version "1.5.7"
  resolved "https://registry.yarnpkg.com/@ceramicnetwork/http-client/-/http-client-1.5.7.tgz#de2046a990e497dfd7dcba6cbc24eaedfd0e8749"
  integrity sha512-gdoQ88SWM5JaEA4DfsfcO1hJdbHtRLgNIh00lFU6LgslPktM01SajRK0VckIqcDJBcTXIAcRYIV1A5mU4YV61w==
  dependencies:
    "@ceramicnetwork/common" "^1.11.0"
    "@ceramicnetwork/stream-caip10-link" "^1.2.9"
    "@ceramicnetwork/stream-tile" "^1.5.7"
    "@ceramicnetwork/streamid" "^1.3.9"
    query-string "7.0.1"
    rxjs "^7.0.0"

"@ceramicnetwork/stream-caip10-link@^1.2.9":
  version "1.2.9"
  resolved "https://registry.yarnpkg.com/@ceramicnetwork/stream-caip10-link/-/stream-caip10-link-1.2.9.tgz#5c50a185e230184a8e0aa905770ab2d5a7bf15ec"
  integrity sha512-DPkJJZ4iYQBMeAFkqIRRKQxq5lb4+4jYWWF2JKAc/XaNtsYw2GRiMEASFL74iMkgkPHxWZnVZg7YXFeDzfR/jw==
  dependencies:
    "@ceramicnetwork/common" "^1.11.0"
    "@ceramicnetwork/streamid" "^1.3.9"
    caip "~0.9.2"
    did-resolver "^3.1.3"

"@ceramicnetwork/stream-tile@^1.2.0", "@ceramicnetwork/stream-tile@^1.5.7":
  version "1.5.7"
  resolved "https://registry.yarnpkg.com/@ceramicnetwork/stream-tile/-/stream-tile-1.5.7.tgz#66d481b33f756f27372d9fe3b12f78d72d6538c7"
  integrity sha512-2419vN6lh9e4CsGzOzpJTYRWhRQPKhVZP/i34RYUTgdUmdOXgb62RipZG0IvTY5DtXNfnoRcTwOe+BZqvkCDFQ==
  dependencies:
    "@ceramicnetwork/common" "^1.11.0"
    "@ceramicnetwork/streamid" "^1.3.9"
    "@stablelib/random" "^1.0.0"
    fast-json-patch "^2.2.1"
    uint8arrays "^2.0.5"

"@ceramicnetwork/streamid@^1.1.2", "@ceramicnetwork/streamid@^1.3.9":
  version "1.3.9"
  resolved "https://registry.yarnpkg.com/@ceramicnetwork/streamid/-/streamid-1.3.9.tgz#5b83a8f0118e4bc0986d19dc565ab38d8c3ebdbd"
  integrity sha512-XmW9QrSLv5pMbjV5GgbF6BFatdH7pZP53U2m8SINtdL9NDKj4B701ZyVVpx+NtE4djx34fOgK/ldbVOjyt8tPQ==
  dependencies:
    cids "~1.1.6"
    ipld-dag-cbor "^0.17.0"
    multibase "~4.0.2"
    typescript-memoize "^1.0.0-alpha.4"
    uint8arrays "^2.0.5"
    varint "^6.0.0"

"@datamodels/identity-profile-basic@^0.1.2":
  version "0.1.2"
  resolved "https://registry.yarnpkg.com/@datamodels/identity-profile-basic/-/identity-profile-basic-0.1.2.tgz#4eb78b5493950f1a8b3cbca87ec56dd6d26eba4e"
  integrity sha512-bV+71JP5ykYB2s77LJkGxUzcWYRyYMGSkhtpn+oN/bAgRAKjlp7UYnivM7XVK5NXAVcI7RPlTQt7YHk3R5Wj4A==
  dependencies:
    "@glazed/types" "^0.1.3"

"@glazed/constants@^0.1.1":
  version "0.1.1"
  resolved "https://registry.yarnpkg.com/@glazed/constants/-/constants-0.1.1.tgz#a5aea7bfd48f701c0be11a5f601f2ece7e3138ba"
  integrity sha512-lV9FmQ7xVNoAbegLs6dfv0gPOlrS0t6NU6qPD9xggU12Kiaqa4nQ7ufn2mVh1WYmVLDqP5fUs3/kTq6hbFtjzA==

"@glazed/devtools@^0.1.3":
  version "0.1.3"
  resolved "https://registry.yarnpkg.com/@glazed/devtools/-/devtools-0.1.3.tgz#09d9e11ded9b39a8f292058f5554905fbc971d31"
  integrity sha512-pkrqFS1zJG40EFz3Zuv0hQO4WlPaRalUbEOunsYay08jZ3iBfCAUdxEvj/kJvGPS64jtVptf4ZIDAkbU1cMQBw==
  dependencies:
    "@ceramicnetwork/common" "^1.3.0"
    "@ceramicnetwork/stream-tile" "^1.2.0"
    "@ceramicnetwork/streamid" "^1.1.2"
    "@glazed/constants" "^0.1.1"
    "@glazed/did-datastore-model" "^0.1.1"
    ajv "^8.6.2"
    ajv-formats "^2.1.1"
    change-case "^4.1.2"
    cids "^1.1.8"
    fast-deep-equal "^3.1.3"
    uint8arrays "^3.0.0"

"@glazed/did-datastore-model@^0.1.1":
  version "0.1.1"
  resolved "https://registry.yarnpkg.com/@glazed/did-datastore-model/-/did-datastore-model-0.1.1.tgz#f5599b3f4d210d52a7d7858d19035e30ba0e8ed0"
  integrity sha512-I4DAyQyc0tF/hExQwaF2JMZ/GvYi4CUG2N0D+yFvwKnc2opz6zcuXi1hg3E9uttPi5MBR+ZzW62UmgZ7O+BJDw==

"@glazed/types@^0.1.3":
  version "0.1.3"
  resolved "https://registry.yarnpkg.com/@glazed/types/-/types-0.1.3.tgz#3cf7aa8f45efa987fe2a52b61cb9b4346cfc3600"
  integrity sha512-u1QNCJ/vxVkni1eDZWstIZxzPLRn9x2LrTjGg0EmFwyZXhaz9fHRjt9hy6xrKyT7jjqlbsViP+Krm1V9aL6Zng==
  dependencies:
    ajv "^8.6.2"
    dids "^2.3.0"

"@multiformats/base-x@^4.0.1":
  version "4.0.1"
  resolved "https://registry.yarnpkg.com/@multiformats/base-x/-/base-x-4.0.1.tgz#95ff0fa58711789d53aefb2590a8b7a4e715d121"
  integrity sha512-eMk0b9ReBbV23xXU693TAIrLyeO5iTgBZGSJfpqriG8UkYvr/hC9u9pyMlAakDNHWmbhMZCDs6KQO0jzKD8OTw==

"@overnightjs/logger@1.2.1":
  version "1.2.1"
  resolved "https://registry.yarnpkg.com/@overnightjs/logger/-/logger-1.2.1.tgz#dde726683f39abf726fde57cff578fca96bc183a"
  integrity sha512-ssLUjjj/DXl6m4oydyA6vgVHyJcis4Ui0hS7+EyOxZVMXbiVZeGOficfJfgELTNqTbHLmTb3TBVyJspNDkqbLw==
  dependencies:
    colors "^1.3.3"
    util "^0.11.1"

"@stablelib/aead@^1.0.1":
  version "1.0.1"
  resolved "https://registry.yarnpkg.com/@stablelib/aead/-/aead-1.0.1.tgz#c4b1106df9c23d1b867eb9b276d8f42d5fc4c0c3"
  integrity sha512-q39ik6sxGHewqtO0nP4BuSe3db5G1fEJE8ukvngS2gLkBXyy6E7pLubhbYgnkDFv6V8cWaxcE4Xn0t6LWcJkyg==

"@stablelib/binary@^1.0.1":
  version "1.0.1"
  resolved "https://registry.yarnpkg.com/@stablelib/binary/-/binary-1.0.1.tgz#c5900b94368baf00f811da5bdb1610963dfddf7f"
  integrity sha512-ClJWvmL6UBM/wjkvv/7m5VP3GMr9t0osr4yVgLZsLCOz4hGN9gIAFEqnJ0TsSMAN+n840nf2cHZnA5/KFqHC7Q==
  dependencies:
    "@stablelib/int" "^1.0.1"

"@stablelib/bytes@^1.0.1":
  version "1.0.1"
  resolved "https://registry.yarnpkg.com/@stablelib/bytes/-/bytes-1.0.1.tgz#0f4aa7b03df3080b878c7dea927d01f42d6a20d8"
  integrity sha512-Kre4Y4kdwuqL8BR2E9hV/R5sOrUj6NanZaZis0V6lX5yzqC3hBuVSDXUIBqQv/sCpmuWRiHLwqiT1pqqjuBXoQ==

"@stablelib/chacha20poly1305@^1.0.1":
  version "1.0.1"
  resolved "https://registry.yarnpkg.com/@stablelib/chacha20poly1305/-/chacha20poly1305-1.0.1.tgz#de6b18e283a9cb9b7530d8767f99cde1fec4c2ee"
  integrity sha512-MmViqnqHd1ymwjOQfghRKw2R/jMIGT3wySN7cthjXCBdO+qErNPUBnRzqNpnvIwg7JBCg3LdeCZZO4de/yEhVA==
  dependencies:
    "@stablelib/aead" "^1.0.1"
    "@stablelib/binary" "^1.0.1"
    "@stablelib/chacha" "^1.0.1"
    "@stablelib/constant-time" "^1.0.1"
    "@stablelib/poly1305" "^1.0.1"
    "@stablelib/wipe" "^1.0.1"

"@stablelib/chacha@^1.0.1":
  version "1.0.1"
  resolved "https://registry.yarnpkg.com/@stablelib/chacha/-/chacha-1.0.1.tgz#deccfac95083e30600c3f92803a3a1a4fa761371"
  integrity sha512-Pmlrswzr0pBzDofdFuVe1q7KdsHKhhU24e8gkEwnTGOmlC7PADzLVxGdn2PoNVBBabdg0l/IfLKg6sHAbTQugg==
  dependencies:
    "@stablelib/binary" "^1.0.1"
    "@stablelib/wipe" "^1.0.1"

"@stablelib/constant-time@^1.0.1":
  version "1.0.1"
  resolved "https://registry.yarnpkg.com/@stablelib/constant-time/-/constant-time-1.0.1.tgz#bde361465e1cf7b9753061b77e376b0ca4c77e35"
  integrity sha512-tNOs3uD0vSJcK6z1fvef4Y+buN7DXhzHDPqRLSXUel1UfqMB1PWNsnnAezrKfEwTLpN0cGH2p9NNjs6IqeD0eg==

"@stablelib/ed25519@^1.0.1", "@stablelib/ed25519@^1.0.2":
  version "1.0.2"
  resolved "https://registry.yarnpkg.com/@stablelib/ed25519/-/ed25519-1.0.2.tgz#937a88a2f73a71d9bdc3ea276efe8954776ae0f4"
  integrity sha512-FtnvUwvKbp6l1dNcg4CswMAVFVu/nzLK3oC7/PRtjYyHbWsIkD8j+5cjXHmwcCpdCpRCaTGACkEhhMQ1RcdSOQ==
  dependencies:
    "@stablelib/random" "^1.0.1"
    "@stablelib/sha512" "^1.0.1"
    "@stablelib/wipe" "^1.0.1"

"@stablelib/hash@^1.0.1":
  version "1.0.1"
  resolved "https://registry.yarnpkg.com/@stablelib/hash/-/hash-1.0.1.tgz#3c944403ff2239fad8ebb9015e33e98444058bc5"
  integrity sha512-eTPJc/stDkdtOcrNMZ6mcMK1e6yBbqRBaNW55XA1jU8w/7QdnCF0CmMmOD1m7VSkBR44PWrMHU2l6r8YEQHMgg==

"@stablelib/int@^1.0.1":
  version "1.0.1"
  resolved "https://registry.yarnpkg.com/@stablelib/int/-/int-1.0.1.tgz#75928cc25d59d73d75ae361f02128588c15fd008"
  integrity sha512-byr69X/sDtDiIjIV6m4roLVWnNNlRGzsvxw+agj8CIEazqWGOQp2dTYgQhtyVXV9wpO6WyXRQUzLV/JRNumT2w==

"@stablelib/keyagreement@^1.0.1":
  version "1.0.1"
  resolved "https://registry.yarnpkg.com/@stablelib/keyagreement/-/keyagreement-1.0.1.tgz#4612efb0a30989deb437cd352cee637ca41fc50f"
  integrity sha512-VKL6xBwgJnI6l1jKrBAfn265cspaWBPAPEc62VBQrWHLqVgNRE09gQ/AnOEyKUWrrqfD+xSQ3u42gJjLDdMDQg==
  dependencies:
    "@stablelib/bytes" "^1.0.1"

"@stablelib/poly1305@^1.0.1":
  version "1.0.1"
  resolved "https://registry.yarnpkg.com/@stablelib/poly1305/-/poly1305-1.0.1.tgz#93bfb836c9384685d33d70080718deae4ddef1dc"
  integrity sha512-1HlG3oTSuQDOhSnLwJRKeTRSAdFNVB/1djy2ZbS35rBSJ/PFqx9cf9qatinWghC2UbfOYD8AcrtbUQl8WoxabA==
  dependencies:
    "@stablelib/constant-time" "^1.0.1"
    "@stablelib/wipe" "^1.0.1"

"@stablelib/random@^1.0.0", "@stablelib/random@^1.0.1":
  version "1.0.1"
  resolved "https://registry.yarnpkg.com/@stablelib/random/-/random-1.0.1.tgz#4357a00cb1249d484a9a71e6054bc7b8324a7009"
  integrity sha512-zOh+JHX3XG9MSfIB0LZl/YwPP9w3o6WBiJkZvjPoKKu5LKFW4OLV71vMxWp9qG5T43NaWyn0QQTWgqCdO+yOBQ==
  dependencies:
    "@stablelib/binary" "^1.0.1"
    "@stablelib/wipe" "^1.0.1"

"@stablelib/sha256@^1.0.1":
  version "1.0.1"
  resolved "https://registry.yarnpkg.com/@stablelib/sha256/-/sha256-1.0.1.tgz#77b6675b67f9b0ea081d2e31bda4866297a3ae4f"
  integrity sha512-GIIH3e6KH+91FqGV42Kcj71Uefd/QEe7Dy42sBTeqppXV95ggCcxLTk39bEr+lZfJmp+ghsR07J++ORkRELsBQ==
  dependencies:
    "@stablelib/binary" "^1.0.1"
    "@stablelib/hash" "^1.0.1"
    "@stablelib/wipe" "^1.0.1"

"@stablelib/sha512@^1.0.1":
  version "1.0.1"
  resolved "https://registry.yarnpkg.com/@stablelib/sha512/-/sha512-1.0.1.tgz#6da700c901c2c0ceacbd3ae122a38ac57c72145f"
  integrity sha512-13gl/iawHV9zvDKciLo1fQ8Bgn2Pvf7OV6amaRVKiq3pjQ3UmEpXxWiAfV8tYjUpeZroBxtyrwtdooQT/i3hzw==
  dependencies:
    "@stablelib/binary" "^1.0.1"
    "@stablelib/hash" "^1.0.1"
    "@stablelib/wipe" "^1.0.1"

"@stablelib/wipe@^1.0.1":
  version "1.0.1"
  resolved "https://registry.yarnpkg.com/@stablelib/wipe/-/wipe-1.0.1.tgz#d21401f1d59ade56a62e139462a97f104ed19a36"
  integrity sha512-WfqfX/eXGiAd3RJe4VU2snh/ZPwtSjLG4ynQ/vYzvghTh7dHFcI1wl+nrkWG6lGhukOxOsUHfv8dUXr58D0ayg==

"@stablelib/x25519@^1.0.1":
  version "1.0.1"
  resolved "https://registry.yarnpkg.com/@stablelib/x25519/-/x25519-1.0.1.tgz#bcd6132ac4dd94f28f1479e228c85b3468d6ed27"
  integrity sha512-nmyUI2ZArxYDh1PhdoSCPEtlTYE0DYugp2qqx8OtjrX3Hmh7boIlDsD0X71ihAxzxqJf3TyQqN/p58ToWhnp+Q==
  dependencies:
    "@stablelib/keyagreement" "^1.0.1"
    "@stablelib/random" "^1.0.1"
    "@stablelib/wipe" "^1.0.1"

"@stablelib/xchacha20@^1.0.1":
  version "1.0.1"
  resolved "https://registry.yarnpkg.com/@stablelib/xchacha20/-/xchacha20-1.0.1.tgz#e98808d1f7d8b20e3ff37c71a3062a2a955d9a8c"
  integrity sha512-1YkiZnFF4veUwBVhDnDYwo6EHeKzQK4FnLiO7ezCl/zu64uG0bCCAUROJaBkaLH+5BEsO3W7BTXTguMbSLlWSw==
  dependencies:
    "@stablelib/binary" "^1.0.1"
    "@stablelib/chacha" "^1.0.1"
    "@stablelib/wipe" "^1.0.1"

"@stablelib/xchacha20poly1305@^1.0.1":
  version "1.0.1"
  resolved "https://registry.yarnpkg.com/@stablelib/xchacha20poly1305/-/xchacha20poly1305-1.0.1.tgz#addcaf30b92dd956f76b3357888e2f91b92e7a61"
  integrity sha512-B1Abj0sMJ8h3HNmGnJ7vHBrAvxuNka6cJJoZ1ILN7iuacXp7sUYcgOVEOTLWj+rtQMpspY9tXSCRLPmN1mQNWg==
  dependencies:
    "@stablelib/aead" "^1.0.1"
    "@stablelib/chacha20poly1305" "^1.0.1"
    "@stablelib/constant-time" "^1.0.1"
    "@stablelib/wipe" "^1.0.1"
    "@stablelib/xchacha20" "^1.0.1"

abort-controller@^3.0.0:
  version "3.0.0"
  resolved "https://registry.yarnpkg.com/abort-controller/-/abort-controller-3.0.0.tgz#eaf54d53b62bae4138e809ca225c8439a6efb392"
  integrity sha512-h8lQ8tacZYnR3vNQTgibj+tODHI5/+l06Au2Pcriv/Gmet0eaj4TwWH41sO9wnHDiQsEj19q0drzdWdeAHtweg==
  dependencies:
    event-target-shim "^5.0.0"

ajv-formats@^2.1.1:
  version "2.1.1"
  resolved "https://registry.yarnpkg.com/ajv-formats/-/ajv-formats-2.1.1.tgz#6e669400659eb74973bbf2e33327180a0996b520"
  integrity sha512-Wx0Kx52hxE7C18hkMEggYlEifqWZtYaRgouJor+WMdPnQyEK13vgEWyVNup7SoeeoLMsr4kf5h6dOW11I15MUA==
  dependencies:
    ajv "^8.0.0"

ajv@^8.0.0, ajv@^8.6.2:
  version "8.9.0"
  resolved "https://registry.yarnpkg.com/ajv/-/ajv-8.9.0.tgz#738019146638824dea25edcf299dcba1b0e7eb18"
  integrity sha512-qOKJyNj/h+OWx7s5DePL6Zu1KeM9jPZhwBqs+7DzP6bGOvqzVCSf0xueYmVuaC/oQ/VtS2zLMLHdQFbkka+XDQ==
  dependencies:
    fast-deep-equal "^3.1.1"
    json-schema-traverse "^1.0.0"
    require-from-string "^2.0.2"
    uri-js "^4.2.2"

base64-js@^1.3.1:
  version "1.5.1"
  resolved "https://registry.yarnpkg.com/base64-js/-/base64-js-1.5.1.tgz#1b1b440160a5bf7ad40b650f095963481903930a"
  integrity sha512-AKpaYlHn8t4SVbOHCy+b5+KKgvR4vrsD8vbvrbiQJps7fKDTkjkDry6ji0rUJjC0kzbNePLwzxq8iypo41qeWA==

bech32@^2.0.0:
  version "2.0.0"
  resolved "https://registry.yarnpkg.com/bech32/-/bech32-2.0.0.tgz#078d3686535075c8c79709f054b1b226a133b355"
  integrity sha512-LcknSilhIGatDAsY1ak2I8VtGaHNhgMSYVxFrGLXv+xLHytaKZKcaUJJUE7qmBr7h33o5YQwP55pMI0xmkpJwg==

bignumber.js@^9.0.0:
  version "9.0.2"
  resolved "https://registry.yarnpkg.com/bignumber.js/-/bignumber.js-9.0.2.tgz#71c6c6bed38de64e24a65ebe16cfcf23ae693673"
  integrity sha512-GAcQvbpsM0pUb0zw1EI0KhQEZ+lRwR5fYaAp3vPOYuP7aDvGy6cVN6XHLauvF8SOga2y0dcLcjt3iQDTSEliyw==

blakejs@^1.1.0:
  version "1.1.1"
  resolved "https://registry.yarnpkg.com/blakejs/-/blakejs-1.1.1.tgz#bf313053978b2cd4c444a48795710be05c785702"
  integrity sha512-bLG6PHOCZJKNshTjGRBvET0vTciwQE6zFKOKKXPDJfwFBd4Ac0yBfPZqcGvGJap50l7ktvlpFqc2jGVaUgbJgg==

bn.js@^4.11.9:
  version "4.12.0"
  resolved "https://registry.yarnpkg.com/bn.js/-/bn.js-4.12.0.tgz#775b3f278efbb9718eec7361f483fb36fbbfea88"
  integrity sha512-c98Bf3tPniI+scsdk237ku1Dc3ujXQTSgyiPUDEOe7tRkhrqridvh8klBv0HCEso1OLOYcHuCv/cS6DNxKH+ZA==

borc@^2.1.2:
  version "2.1.2"
  resolved "https://registry.yarnpkg.com/borc/-/borc-2.1.2.tgz#6ce75e7da5ce711b963755117dd1b187f6f8cf19"
  integrity sha512-Sy9eoUi4OiKzq7VovMn246iTo17kzuyHJKomCfpWMlI6RpfN1gk95w7d7gH264nApVLg0HZfcpz62/g4VH1Y4w==
  dependencies:
    bignumber.js "^9.0.0"
    buffer "^5.5.0"
    commander "^2.15.0"
    ieee754 "^1.1.13"
    iso-url "~0.4.7"
    json-text-sequence "~0.1.0"
    readable-stream "^3.6.0"

brorand@^1.1.0:
  version "1.1.0"
  resolved "https://registry.yarnpkg.com/brorand/-/brorand-1.1.0.tgz#12c25efe40a45e3c323eb8675a0a0ce57b22371f"
  integrity sha1-EsJe/kCkXjwyPrhnWgoM5XsiNx8=

buffer@^5.5.0:
  version "5.7.1"
  resolved "https://registry.yarnpkg.com/buffer/-/buffer-5.7.1.tgz#ba62e7c13133053582197160851a8f648e99eed0"
  integrity sha512-EHcyIPBQ4BSGlvjB16k5KgAJ27CIsHY/2JBmCRReo48y9rQ3MaUzWX3KVlBa4U7MyX02HdVj0K7C3WaB3ju7FQ==
  dependencies:
    base64-js "^1.3.1"
    ieee754 "^1.1.13"

caip@~0.9.2:
  version "0.9.2"
  resolved "https://registry.yarnpkg.com/caip/-/caip-0.9.2.tgz#6aec668e459dc3a1830530f7bb8d06f0044a5391"
  integrity sha512-o4aIUSR9lkn7B9lIw8Xgkj+hDh+S1PtsBphoSqP2Dt95gRWPniaqEpnPwiUEhaPQr84JzWIEm4Cck3lMZtIkTA==

caip@~1.0.0:
  version "1.0.0"
  resolved "https://registry.yarnpkg.com/caip/-/caip-1.0.0.tgz#29834b862433c35d9243df45ebeb2c6ef63f7dd8"
  integrity sha512-+U9P7+9jeVBWoP7BDWHVD/JGp9azT4KmFCpDRKTy0U01bCV0x7bxwf6WTl0/dUnnTE+ZA9M4EavptQdHg7k1vA==

camel-case@^4.1.2:
  version "4.1.2"
  resolved "https://registry.yarnpkg.com/camel-case/-/camel-case-4.1.2.tgz#9728072a954f805228225a6deea6b38461e1bd5a"
  integrity sha512-gxGWBrTT1JuMx6R+o5PTXMmUnhnVzLQ9SNutD4YqKtI6ap897t3tKECYla6gCWEkplXnlNybEkZg9GEGxKFCgw==
  dependencies:
    pascal-case "^3.1.2"
    tslib "^2.0.3"

canonicalize@^1.0.5:
  version "1.0.8"
  resolved "https://registry.yarnpkg.com/canonicalize/-/canonicalize-1.0.8.tgz#24d1f1a00ed202faafd9bf8e63352cd4450c6df1"
  integrity sha512-0CNTVCLZggSh7bc5VkX5WWPWO+cyZbNd07IHIsSXLia/eAq+r836hgk+8BKoEh7949Mda87VUOitx5OddVj64A==

capital-case@^1.0.4:
  version "1.0.4"
  resolved "https://registry.yarnpkg.com/capital-case/-/capital-case-1.0.4.tgz#9d130292353c9249f6b00fa5852bee38a717e669"
  integrity sha512-ds37W8CytHgwnhGGTi88pcPyR15qoNkOpYwmMMfnWqqWgESapLqvDx6huFjQ5vqWSn2Z06173XNA7LtMOeUh1A==
  dependencies:
    no-case "^3.0.4"
    tslib "^2.0.3"
    upper-case-first "^2.0.2"

change-case@^4.1.2:
  version "4.1.2"
  resolved "https://registry.yarnpkg.com/change-case/-/change-case-4.1.2.tgz#fedfc5f136045e2398c0410ee441f95704641e12"
  integrity sha512-bSxY2ws9OtviILG1EiY5K7NNxkqg/JnRnFxLtKQ96JaviiIxi7djMrSd0ECT9AC+lttClmYwKw53BWpOMblo7A==
  dependencies:
    camel-case "^4.1.2"
    capital-case "^1.0.4"
    constant-case "^3.0.4"
    dot-case "^3.0.4"
    header-case "^2.0.4"
    no-case "^3.0.4"
    param-case "^3.0.4"
    pascal-case "^3.1.2"
    path-case "^3.0.4"
    sentence-case "^3.0.4"
    snake-case "^3.0.4"
    tslib "^2.0.3"

cids@^1.0.0, cids@^1.1.6, cids@^1.1.8, cids@~1.1.6:
  version "1.1.9"
  resolved "https://registry.yarnpkg.com/cids/-/cids-1.1.9.tgz#402c26db5c07059377bcd6fb82f2a24e7f2f4a4f"
  integrity sha512-l11hWRfugIcbGuTZwAM5PwpjPPjyb6UZOGwlHSnOBV5o07XhQ4gNpBN67FbODvpjyHtd+0Xs6KNvUcGBiDRsdg==
  dependencies:
    multibase "^4.0.1"
    multicodec "^3.0.1"
    multihashes "^4.0.1"
    uint8arrays "^3.0.0"

colors@1.3.3:
  version "1.3.3"
  resolved "https://registry.yarnpkg.com/colors/-/colors-1.3.3.tgz#39e005d546afe01e01f9c4ca8fa50f686a01205d"
  integrity sha512-mmGt/1pZqYRjMxB1axhTo16/snVZ5krrKkcmMeVKxzECMMXoCgnvTPp10QgHfcbQZw8Dq2jMNG6je4JlWU0gWg==

colors@^1.3.3:
  version "1.4.0"
  resolved "https://registry.yarnpkg.com/colors/-/colors-1.4.0.tgz#c50491479d4c1bdaed2c9ced32cf7c7dc2360f78"
  integrity sha512-a+UqTh4kgZg/SlGvfbzDHpgRu7AAQOmmqRHJnxhRZICKFUT91brVhNNt58CMWU9PsBbv3PDCZUHbVxuDiH2mtA==

commander@^2.15.0:
  version "2.20.3"
  resolved "https://registry.yarnpkg.com/commander/-/commander-2.20.3.tgz#fd485e84c03eb4881c20722ba48035e8531aeb33"
  integrity sha512-GpVkmM8vF2vQUkj2LvZmD35JxeJOLCwJ9cUkugyk2nuhbv3+mJvpLYYt+0+USMxE+oj+ey/lJEnhZw75x/OMcQ==

constant-case@^3.0.4:
  version "3.0.4"
  resolved "https://registry.yarnpkg.com/constant-case/-/constant-case-3.0.4.tgz#3b84a9aeaf4cf31ec45e6bf5de91bdfb0589faf1"
  integrity sha512-I2hSBi7Vvs7BEuJDr5dDHfzb/Ruj3FyvFyh7KLilAjNQw3Be+xgqUBA2W6scVEcL0hL1dwPRtIqEPVUCKkSsyQ==
  dependencies:
    no-case "^3.0.4"
    tslib "^2.0.3"
    upper-case "^2.0.2"

cross-fetch@^3.1.4:
  version "3.1.5"
  resolved "https://registry.yarnpkg.com/cross-fetch/-/cross-fetch-3.1.5.tgz#e1389f44d9e7ba767907f7af8454787952ab534f"
  integrity sha512-lvb1SBsI0Z7GDwmuid+mU3kWVBwTVUbe7S0H52yaaAdQOXq2YktTCZdlAcNKFzE6QtRz0snpw9bNiPeOIkkQvw==
  dependencies:
    node-fetch "2.6.7"

dag-jose-utils@^0.1.1:
  version "0.1.1"
  resolved "https://registry.yarnpkg.com/dag-jose-utils/-/dag-jose-utils-0.1.1.tgz#02c630ae872d9ebb80f15e4b8be4867a5955f5a4"
  integrity sha512-fFRgalfWAgz1zwjxEwlrQY0p+23zLRpvQm7IfPTiMUEXL7zrW/PBmNvmcs9KQphRP7icRzNM0nFxKNbpK2v4aw==
  dependencies:
    cids "^1.1.6"
    ipld-dag-cbor "^0.17.1"
    multihashes "^4.0.2"
    uint8arrays "^2.1.4"
    varint "^6.0.0"

decode-uri-component@^0.2.0:
  version "0.2.0"
  resolved "https://registry.yarnpkg.com/decode-uri-component/-/decode-uri-component-0.2.0.tgz#eb3913333458775cb84cd1a1fae062106bb87545"
  integrity sha1-6zkTMzRYd1y4TNGh+uBiEGu4dUU=

delimit-stream@0.1.0:
  version "0.1.0"
  resolved "https://registry.yarnpkg.com/delimit-stream/-/delimit-stream-0.1.0.tgz#9b8319477c0e5f8aeb3ce357ae305fc25ea1cd2b"
  integrity sha1-m4MZR3wOX4rrPONXrjBfwl6hzSs=

did-jwt@^5.0.1, did-jwt@^5.6.1:
  version "5.12.4"
  resolved "https://registry.yarnpkg.com/did-jwt/-/did-jwt-5.12.4.tgz#6357a550173b7155f2e5cf3b8ea3f8e8be180617"
  integrity sha512-rFY7yIlE/79zB648Drn9vLiM+F4+3IzRkFvBcHelZqQmnPy037U9VWeeP/f2PlnQKgW5qbYXVJR5KftLfo58TA==
  dependencies:
    "@stablelib/ed25519" "^1.0.2"
    "@stablelib/random" "^1.0.1"
    "@stablelib/sha256" "^1.0.1"
    "@stablelib/x25519" "^1.0.1"
    "@stablelib/xchacha20poly1305" "^1.0.1"
    bech32 "^2.0.0"
    canonicalize "^1.0.5"
    did-resolver "^3.1.5"
    elliptic "^6.5.4"
    js-sha3 "^0.8.0"
    multiformats "^9.4.10"
    uint8arrays "^3.0.0"

did-resolver@^3.1.0, did-resolver@^3.1.3, did-resolver@^3.1.5:
  version "3.1.5"
  resolved "https://registry.yarnpkg.com/did-resolver/-/did-resolver-3.1.5.tgz#1a82a00fa96d64085676183bff40ebc13c88cd6a"
  integrity sha512-/4lM1vK5osnWVZ2oN9QhlWV5xOwssuLSL1MvueBc8LQWotbD5kM9XQMe7h4GydYpbh3JaWMFkOWwc9jvSZ+qgg==

dids@^2.3.0:
  version "2.4.3"
  resolved "https://registry.yarnpkg.com/dids/-/dids-2.4.3.tgz#91b2243280bf90dd6bd24dad061d58bf4ec38453"
  integrity sha512-V4EX8XTtnyuZq0iqzV9kY7Zn7JlmaezLnxrK9g1bb7wT6FNZdsufVnEcIqCaSu4w64Nmaf1zHWbNeNfpxDvERg==
  dependencies:
    "@stablelib/random" "^1.0.1"
    cids "^1.1.6"
    dag-jose-utils "^0.1.1"
    did-jwt "^5.6.1"
    did-resolver "^3.1.0"
    query-string "^7.0.0"
    rpc-utils "^0.3.4"
    uint8arrays "^2.1.5"

dot-case@^3.0.4:
  version "3.0.4"
  resolved "https://registry.yarnpkg.com/dot-case/-/dot-case-3.0.4.tgz#9b2b670d00a431667a8a75ba29cd1b98809ce751"
  integrity sha512-Kv5nKlh6yRrdrGvxeJ2e5y2eRUpkUosIW4A2AS38zwSz27zu7ufDwQPi5Jhs3XAlGNetl3bmnGhQsMtkKJnj3w==
  dependencies:
    no-case "^3.0.4"
    tslib "^2.0.3"

dotenv@^14.3.2:
  version "14.3.2"
  resolved "https://registry.yarnpkg.com/dotenv/-/dotenv-14.3.2.tgz#7c30b3a5f777c79a3429cb2db358eef6751e8369"
  integrity sha512-vwEppIphpFdvaMCaHfCEv9IgwcxMljMw2TnAQBB4VWPvzXQLTb82jwmdOKzlEVUL3gNFT4l4TPKO+Bn+sqcrVQ==

elliptic@^6.5.4:
  version "6.5.4"
  resolved "https://registry.yarnpkg.com/elliptic/-/elliptic-6.5.4.tgz#da37cebd31e79a1367e941b592ed1fbebd58abbb"
  integrity sha512-iLhC6ULemrljPZb+QutR5TQGB+pdW6KGD5RSegS+8sorOZT+rdQFbsQFJgvN3eRqNALqJer4oQ16YvJHlU8hzQ==
  dependencies:
    bn.js "^4.11.9"
    brorand "^1.1.0"
    hash.js "^1.0.0"
    hmac-drbg "^1.0.1"
    inherits "^2.0.4"
    minimalistic-assert "^1.0.1"
    minimalistic-crypto-utils "^1.0.1"

err-code@^3.0.0:
  version "3.0.1"
  resolved "https://registry.yarnpkg.com/err-code/-/err-code-3.0.1.tgz#a444c7b992705f2b120ee320b09972eef331c920"
  integrity sha512-GiaH0KJUewYok+eeY05IIgjtAe4Yltygk9Wqp1V5yVWLdhf0hYZchRjNIT9bb0mSwRcIusT3cx7PJUf3zEIfUA==

event-target-shim@^5.0.0:
  version "5.0.1"
  resolved "https://registry.yarnpkg.com/event-target-shim/-/event-target-shim-5.0.1.tgz#5d4d3ebdf9583d63a5333ce2deb7480ab2b05789"
  integrity sha512-i/2XbnSz/uxRCU6+NdVJgKWDTM427+MqYbkQzD321DuCQJUqOuJKIA0IM2+W2xtYHdKOmZ4dR6fExsd4SXL+WQ==

fast-deep-equal@^2.0.1:
  version "2.0.1"
  resolved "https://registry.yarnpkg.com/fast-deep-equal/-/fast-deep-equal-2.0.1.tgz#7b05218ddf9667bf7f370bf7fdb2cb15fdd0aa49"
  integrity sha1-ewUhjd+WZ79/Nwv3/bLLFf3Qqkk=

fast-deep-equal@^3.1.1, fast-deep-equal@^3.1.3:
  version "3.1.3"
  resolved "https://registry.yarnpkg.com/fast-deep-equal/-/fast-deep-equal-3.1.3.tgz#3a7d56b559d6cbc3eb512325244e619a65c6c525"
  integrity sha512-f3qQ9oQy9j2AhBe/H9VC91wLmKBCCU/gDOnKNAYG5hswO7BLKj09Hc5HYNz9cGI++xlpDCIgDaitVs03ATR84Q==

fast-json-patch@^2.2.1:
  version "2.2.1"
  resolved "https://registry.yarnpkg.com/fast-json-patch/-/fast-json-patch-2.2.1.tgz#18150d36c9ab65c7209e7d4eb113f4f8eaabe6d9"
  integrity sha512-4j5uBaTnsYAV5ebkidvxiLUYOwjQ+JSFljeqfTxCrH9bDmlCQaOJFS84oDJ2rAXZq2yskmk3ORfoP9DCwqFNig==
  dependencies:
    fast-deep-equal "^2.0.1"

fast-json-stable-stringify@^2.1.0:
  version "2.1.0"
  resolved "https://registry.yarnpkg.com/fast-json-stable-stringify/-/fast-json-stable-stringify-2.1.0.tgz#874bf69c6f404c2b5d99c481341399fd55892633"
  integrity sha512-lhd/wF+Lk98HZoTCtlVraHtfh5XYijIjalXck7saUtuanSDyLMxnHhSXEDJqHxD7msR8D0uCmqlkwjCV8xvwHw==

filter-obj@^1.1.0:
  version "1.1.0"
  resolved "https://registry.yarnpkg.com/filter-obj/-/filter-obj-1.1.0.tgz#9b311112bc6c6127a16e016c6c5d7f19e0805c5b"
  integrity sha1-mzERErxsYSehbgFsbF1/GeCAXFs=

flat@^5.0.2:
  version "5.0.2"
  resolved "https://registry.yarnpkg.com/flat/-/flat-5.0.2.tgz#8ca6fe332069ffa9d324c327198c598259ceb241"
  integrity sha512-b6suED+5/3rTpUBdG1gupIl8MPFCAMA0QXwmljLhvCUKcUvdE4gWky9zpuGCcXHOsz4J9wPGNWq6OKpmIzz3hQ==

hash.js@^1.0.0, hash.js@^1.0.3:
  version "1.1.7"
  resolved "https://registry.yarnpkg.com/hash.js/-/hash.js-1.1.7.tgz#0babca538e8d4ee4a0f8988d68866537a003cf42"
  integrity sha512-taOaskGt4z4SOANNseOviYDvjEJinIkRgmp7LbKP2YTTmVxWBl87s/uzK9r+44BclBSp2X7K1hqeNfz9JbBeXA==
  dependencies:
    inherits "^2.0.3"
    minimalistic-assert "^1.0.1"

header-case@^2.0.4:
  version "2.0.4"
  resolved "https://registry.yarnpkg.com/header-case/-/header-case-2.0.4.tgz#5a42e63b55177349cf405beb8d775acabb92c063"
  integrity sha512-H/vuk5TEEVZwrR0lp2zed9OCo1uAILMlx0JEMgC26rzyJJ3N1v6XkwHHXJQdR2doSjcGPM6OKPYoJgf0plJ11Q==
  dependencies:
    capital-case "^1.0.4"
    tslib "^2.0.3"

hmac-drbg@^1.0.1:
  version "1.0.1"
  resolved "https://registry.yarnpkg.com/hmac-drbg/-/hmac-drbg-1.0.1.tgz#d2745701025a6c775a6c545793ed502fc0c649a1"
  integrity sha1-0nRXAQJabHdabFRXk+1QL8DGSaE=
  dependencies:
    hash.js "^1.0.3"
    minimalistic-assert "^1.0.0"
    minimalistic-crypto-utils "^1.0.1"

ieee754@^1.1.13:
  version "1.2.1"
  resolved "https://registry.yarnpkg.com/ieee754/-/ieee754-1.2.1.tgz#8eb7a10a63fff25d15a57b001586d177d1b0d352"
  integrity sha512-dcyqhDvX1C46lXZcVqCpK+FtMRQVdIMN6/Df5js2zouUsqG7I6sFxitIC+7KYK29KdXOLHdu9zL4sFnoVQnqaA==

inherits@2.0.3:
  version "2.0.3"
  resolved "https://registry.yarnpkg.com/inherits/-/inherits-2.0.3.tgz#633c2c83e3da42a502f52466022480f4208261de"
  integrity sha1-Yzwsg+PaQqUC9SRmAiSA9CCCYd4=

inherits@^2.0.3, inherits@^2.0.4:
  version "2.0.4"
  resolved "https://registry.yarnpkg.com/inherits/-/inherits-2.0.4.tgz#0fa2c64f932917c3433a0ded55363aae37416b7c"
  integrity sha512-k/vGaX4/Yla3WzyMCvTQOXYeIHvqOKtnqBduzTHpzpQZzAskKMhZ2K+EnBiSM9zGSoIFeMpXKxa4dYeZIQqewQ==

ipld-dag-cbor@^0.17.0, ipld-dag-cbor@^0.17.1:
  version "0.17.1"
  resolved "https://registry.yarnpkg.com/ipld-dag-cbor/-/ipld-dag-cbor-0.17.1.tgz#842e6c250603e5791049168831a425ec03471fb1"
  integrity sha512-Bakj/cnxQBdscORyf4LRHxQJQfoaY8KWc7PWROQgX+aw5FCzBt8ga0VM/59K+ABOznsqNvyLR/wz/oYImOpXJw==
  dependencies:
    borc "^2.1.2"
    cids "^1.0.0"
    is-circular "^1.0.2"
    multicodec "^3.0.1"
    multihashing-async "^2.0.0"
    uint8arrays "^2.1.3"

is-circular@^1.0.2:
  version "1.0.2"
  resolved "https://registry.yarnpkg.com/is-circular/-/is-circular-1.0.2.tgz#2e0ab4e9835f4c6b0ea2b9855a84acd501b8366c"
  integrity sha512-YttjnrswnUYRVJvxCvu8z+PGMUSzC2JttP0OEXezlAEdp3EXzhf7IZ3j0gRAybJBQupedIZFhY61Tga6E0qASA==

iso-url@~0.4.7:
  version "0.4.7"
  resolved "https://registry.yarnpkg.com/iso-url/-/iso-url-0.4.7.tgz#de7e48120dae46921079fe78f325ac9e9217a385"
  integrity sha512-27fFRDnPAMnHGLq36bWTpKET+eiXct3ENlCcdcMdk+mjXrb2kw3mhBUg1B7ewAC0kVzlOPhADzQgz1SE6Tglog==

js-sha3@^0.8.0:
  version "0.8.0"
  resolved "https://registry.yarnpkg.com/js-sha3/-/js-sha3-0.8.0.tgz#b9b7a5da73afad7dedd0f8c463954cbde6818840"
  integrity sha512-gF1cRrHhIzNfToc802P800N8PpXS+evLLXfsVpowqmAFR9uwbi89WvXg2QspOmXL8QL86J4T1EpFu+yUkwJY3Q==

json-schema-traverse@^1.0.0:
  version "1.0.0"
  resolved "https://registry.yarnpkg.com/json-schema-traverse/-/json-schema-traverse-1.0.0.tgz#ae7bcb3656ab77a73ba5c49bf654f38e6b6860e2"
  integrity sha512-NM8/P9n3XjXhIZn1lLhkFaACTOURQXjWhV4BA/RnOv8xvgqtqpAX9IO4mRQxSx1Rlo4tqzeqb0sOlruaOy3dug==

json-text-sequence@~0.1.0:
  version "0.1.1"
  resolved "https://registry.yarnpkg.com/json-text-sequence/-/json-text-sequence-0.1.1.tgz#a72f217dc4afc4629fff5feb304dc1bd51a2f3d2"
  integrity sha1-py8hfcSvxGKf/1/rME3BvVGi89I=
  dependencies:
    delimit-stream "0.1.0"

key-did-provider-ed25519@^1.1.0:
  version "1.1.0"
  resolved "https://registry.yarnpkg.com/key-did-provider-ed25519/-/key-did-provider-ed25519-1.1.0.tgz#4c8bb9581352457faa0593d46e77dad9aa16f3ba"
  integrity sha512-kSxpmqYvTCXKTiApgVep3kTqEpUyRMQktaS3R1TD1Y1GbjFLG1RKShQ5qZRK7Z7Gar15Ym3tk3kMjYg76Xe6zQ==
  dependencies:
    "@stablelib/ed25519" "^1.0.1"
    did-jwt "^5.0.1"
    fast-json-stable-stringify "^2.1.0"
    rpc-utils "^0.3.4"
    uint8arrays "^2.1.5"

key-did-resolver@^1.4.4:
  version "1.4.4"
  resolved "https://registry.yarnpkg.com/key-did-resolver/-/key-did-resolver-1.4.4.tgz#0195ae6993de340ceb3429054c9b0b03b32fbab2"
  integrity sha512-aRsFIjMkPeIcWH5jlhff6iG/Gjf+ZaBh02r/6gHbFJp2UqxkjQtaYxchkZ6ZAvrOAk37qE4x70YJj7Qls7WTSA==
  dependencies:
    "@stablelib/ed25519" "^1.0.2"
    multibase "~4.0.2"
    uint8arrays "^2.0.5"
    varint "^6.0.0"

lodash.clonedeep@^4.5.0:
  version "4.5.0"
  resolved "https://registry.yarnpkg.com/lodash.clonedeep/-/lodash.clonedeep-4.5.0.tgz#e23f3f9c4f8fbdde872529c1071857a086e5ccef"
  integrity sha1-4j8/nE+Pvd6HJSnBBxhXoIblzO8=

logfmt@^1.3.2:
  version "1.3.2"
  resolved "https://registry.yarnpkg.com/logfmt/-/logfmt-1.3.2.tgz#be34020b7390b8201212a12f533e3cb4c92d70c2"
  integrity sha512-U0lelcaGWEfEITZQXs8y5HrJp2xa0BJ+KDfkkLJRmuKbQIEVGNv145FbaNekY4ZYHJSBBx8NLJitaPtRqLEkxQ==
  dependencies:
    split "0.2.x"
    through "2.3.x"

lower-case@^2.0.2:
  version "2.0.2"
  resolved "https://registry.yarnpkg.com/lower-case/-/lower-case-2.0.2.tgz#6fa237c63dbdc4a82ca0fd882e4722dc5e634e28"
  integrity sha512-7fm3l3NAF9WfN6W3JOmf5drwpVqX78JtoGJ3A6W0a6ZnldM41w2fV5D490psKFTpMds8TJse/eHLFFsNHHjHgg==
  dependencies:
    tslib "^2.0.3"

minimalistic-assert@^1.0.0, minimalistic-assert@^1.0.1:
  version "1.0.1"
  resolved "https://registry.yarnpkg.com/minimalistic-assert/-/minimalistic-assert-1.0.1.tgz#2e194de044626d4a10e7f7fbc00ce73e83e4d5c7"
  integrity sha512-UtJcAD4yEaGtjPezWuO9wC4nwUnVH/8/Im3yEHQP4b67cXlD/Qr9hdITCU1xDbSEXg2XKNaP8jsReV7vQd00/A==

minimalistic-crypto-utils@^1.0.1:
  version "1.0.1"
  resolved "https://registry.yarnpkg.com/minimalistic-crypto-utils/-/minimalistic-crypto-utils-1.0.1.tgz#f6c00c1c0b082246e5c4d99dfb8c7c083b2b582a"
  integrity sha1-9sAMHAsIIkblxNmd+4x8CDsrWCo=

multibase@^4.0.1, multibase@~4.0.2:
  version "4.0.6"
  resolved "https://registry.yarnpkg.com/multibase/-/multibase-4.0.6.tgz#6e624341483d6123ca1ede956208cb821b440559"
  integrity sha512-x23pDe5+svdLz/k5JPGCVdfn7Q5mZVMBETiC+ORfO+sor9Sgs0smJzAjfTbM5tckeCqnaUuMYoz+k3RXMmJClQ==
  dependencies:
    "@multiformats/base-x" "^4.0.1"

multicodec@^3.0.1:
  version "3.2.1"
  resolved "https://registry.yarnpkg.com/multicodec/-/multicodec-3.2.1.tgz#82de3254a0fb163a107c1aab324f2a91ef51efb2"
  integrity sha512-+expTPftro8VAW8kfvcuNNNBgb9gPeNYV9dn+z1kJRWF2vih+/S79f2RVeIwmrJBUJ6NT9IUPWnZDQvegEh5pw==
  dependencies:
    uint8arrays "^3.0.0"
    varint "^6.0.0"

multiformats@^9.4.10, multiformats@^9.4.2:
  version "9.6.2"
  resolved "https://registry.yarnpkg.com/multiformats/-/multiformats-9.6.2.tgz#3dd8f696171a367fa826b7c432851da850eb115e"
  integrity sha512-1dKng7RkBelbEZQQD2zvdzYKgUmtggpWl+GXQBYhnEGGkV6VIYfWgV3VSeyhcUFFEelI5q4D0etCJZ7fbuiamQ==

multihashes@^4.0.1, multihashes@^4.0.2:
  version "4.0.3"
  resolved "https://registry.yarnpkg.com/multihashes/-/multihashes-4.0.3.tgz#426610539cd2551edbf533adeac4c06b3b90fb05"
  integrity sha512-0AhMH7Iu95XjDLxIeuCOOE4t9+vQZsACyKZ9Fxw2pcsRmlX4iCn1mby0hS0bb+nQOVpdQYWPpnyusw4da5RPhA==
  dependencies:
    multibase "^4.0.1"
    uint8arrays "^3.0.0"
    varint "^5.0.2"

multihashing-async@^2.0.0:
  version "2.1.4"
  resolved "https://registry.yarnpkg.com/multihashing-async/-/multihashing-async-2.1.4.tgz#26dce2ec7a40f0e7f9e732fc23ca5f564d693843"
  integrity sha512-sB1MiQXPSBTNRVSJc2zM157PXgDtud2nMFUEIvBrsq5Wv96sUclMRK/ecjoP1T/W61UJBqt4tCTwMkUpt2Gbzg==
  dependencies:
    blakejs "^1.1.0"
    err-code "^3.0.0"
    js-sha3 "^0.8.0"
    multihashes "^4.0.1"
    murmurhash3js-revisited "^3.0.0"
    uint8arrays "^3.0.0"

murmurhash3js-revisited@^3.0.0:
  version "3.0.0"
  resolved "https://registry.yarnpkg.com/murmurhash3js-revisited/-/murmurhash3js-revisited-3.0.0.tgz#6bd36e25de8f73394222adc6e41fa3fac08a5869"
  integrity sha512-/sF3ee6zvScXMb1XFJ8gDsSnY+X8PbOyjIuBhtgis10W2Jx4ZjIhikUCIF9c4gpJxVnQIsPAFrSwTCuAjicP6g==

nanoid@^3.1.21:
  version "3.2.0"
  resolved "https://registry.yarnpkg.com/nanoid/-/nanoid-3.2.0.tgz#62667522da6673971cca916a6d3eff3f415ff80c"
  integrity sha512-fmsZYa9lpn69Ad5eDn7FMcnnSR+8R34W9qJEijxYhTbfOWzr22n1QxCMzXLK+ODyW2973V3Fux959iQoUxzUIA==

no-case@^3.0.4:
  version "3.0.4"
  resolved "https://registry.yarnpkg.com/no-case/-/no-case-3.0.4.tgz#d361fd5c9800f558551a8369fc0dcd4662b6124d"
  integrity sha512-fgAN3jGAh+RoxUGZHTSOLJIqUc2wmoBwGR4tbpNAKmmovFoWq0OdRkb0VkldReO2a2iBT/OEulG9XSUc10r3zg==
  dependencies:
    lower-case "^2.0.2"
    tslib "^2.0.3"

node-fetch@2.6.7:
  version "2.6.7"
  resolved "https://registry.yarnpkg.com/node-fetch/-/node-fetch-2.6.7.tgz#24de9fba827e3b4ae44dc8b20256a379160052ad"
  integrity sha512-ZjMPFEfVx5j+y2yF35Kzx5sF7kDzxuDj6ziH4FFbOp87zKDZNx8yExJIb05OGF4Nlt9IHFIMBkRl41VdvcNdbQ==
  dependencies:
    whatwg-url "^5.0.0"

param-case@^3.0.4:
  version "3.0.4"
  resolved "https://registry.yarnpkg.com/param-case/-/param-case-3.0.4.tgz#7d17fe4aa12bde34d4a77d91acfb6219caad01c5"
  integrity sha512-RXlj7zCYokReqWpOPH9oYivUzLYZ5vAPIfEmCTNViosC78F8F0H9y7T7gG2M39ymgutxF5gcFEsyZQSph9Bp3A==
  dependencies:
    dot-case "^3.0.4"
    tslib "^2.0.3"

pascal-case@^3.1.2:
  version "3.1.2"
  resolved "https://registry.yarnpkg.com/pascal-case/-/pascal-case-3.1.2.tgz#b48e0ef2b98e205e7c1dae747d0b1508237660eb"
  integrity sha512-uWlGT3YSnK9x3BQJaOdcZwrnV6hPpd8jFH1/ucpiLRPh/2zCVJKS19E4GvYHvaCcACn3foXZ0cLB9Wrx1KGe5g==
  dependencies:
    no-case "^3.0.4"
    tslib "^2.0.3"

path-case@^3.0.4:
  version "3.0.4"
  resolved "https://registry.yarnpkg.com/path-case/-/path-case-3.0.4.tgz#9168645334eb942658375c56f80b4c0cb5f82c6f"
  integrity sha512-qO4qCFjXqVTrcbPt/hQfhTQ+VhFsqNKOPtytgNKkKxSoEp3XPUQ8ObFuePylOIok5gjn69ry8XiULxCwot3Wfg==
  dependencies:
    dot-case "^3.0.4"
    tslib "^2.0.3"

prettier@^2.5.1:
  version "2.5.1"
  resolved "https://registry.yarnpkg.com/prettier/-/prettier-2.5.1.tgz#fff75fa9d519c54cf0fce328c1017d94546bc56a"
  integrity sha512-vBZcPRUR5MZJwoyi3ZoyQlc1rXeEck8KgeC9AwwOn+exuxLxq5toTRDTSaVrXHxelDMHy9zlicw8u66yxoSUFg==

punycode@^2.1.0:
  version "2.1.1"
  resolved "https://registry.yarnpkg.com/punycode/-/punycode-2.1.1.tgz#b58b010ac40c22c5657616c8d2c2c02c7bf479ec"
  integrity sha512-XRsRjdf+j5ml+y/6GKHPZbrF/8p2Yga0JPtdqTIY2Xe5ohJPD9saDJJLPvp9+NSBprVvevdXZybnj2cv8OEd0A==

query-string@7.0.1:
  version "7.0.1"
  resolved "https://registry.yarnpkg.com/query-string/-/query-string-7.0.1.tgz#45bd149cf586aaa582dffc7ec7a8ad97dd02f75d"
  integrity sha512-uIw3iRvHnk9to1blJCG3BTc+Ro56CBowJXKmNNAm3RulvPBzWLRqKSiiDk+IplJhsydwtuNMHi8UGQFcCLVfkA==
  dependencies:
    decode-uri-component "^0.2.0"
    filter-obj "^1.1.0"
    split-on-first "^1.0.0"
    strict-uri-encode "^2.0.0"

query-string@^7.0.0:
  version "7.1.0"
  resolved "https://registry.yarnpkg.com/query-string/-/query-string-7.1.0.tgz#96b88f27b39794f97b8c8ccd060bc900495078ef"
  integrity sha512-wnJ8covk+S9isYR5JIXPt93kFUmI2fQ4R/8130fuq+qwLiGVTurg7Klodgfw4NSz/oe7xnyi09y3lSrogUeM3g==
  dependencies:
    decode-uri-component "^0.2.0"
    filter-obj "^1.1.0"
    split-on-first "^1.0.0"
    strict-uri-encode "^2.0.0"

readable-stream@^3.6.0:
  version "3.6.0"
  resolved "https://registry.yarnpkg.com/readable-stream/-/readable-stream-3.6.0.tgz#337bbda3adc0706bd3e024426a286d4b4b2c9198"
  integrity sha512-BViHy7LKeTz4oNnkcLJ+lVSL6vpiFeX6/d3oSH8zCW7UxP2onchk+vTGB143xuFjHS3deTgkKoXXymXqymiIdA==
  dependencies:
    inherits "^2.0.3"
    string_decoder "^1.1.1"
    util-deprecate "^1.0.1"

require-from-string@^2.0.2:
  version "2.0.2"
  resolved "https://registry.yarnpkg.com/require-from-string/-/require-from-string-2.0.2.tgz#89a7fdd938261267318eafe14f9c32e598c36909"
  integrity sha512-Xf0nWe6RseziFMu+Ap9biiUbmplq6S9/p+7w7YXP/JBHhrUDDUhwa+vANyubuqfZWTveU//DYVGsDG7RKL/vEw==

rpc-utils@^0.3.4:
  version "0.3.4"
  resolved "https://registry.yarnpkg.com/rpc-utils/-/rpc-utils-0.3.4.tgz#31f2c280bbb724c75b446bd1926a92d60d1bca13"
  integrity sha512-VmaweXLRpOO2U0FX3Prb88KS0xxkpJK+pJKupR+TagvBmmEetSmvEz+SGTuKwhR9tdSFmjrqt1QSK53Vltapww==
  dependencies:
    nanoid "^3.1.21"

rxjs@^7.0.0:
  version "7.5.2"
  resolved "https://registry.yarnpkg.com/rxjs/-/rxjs-7.5.2.tgz#11e4a3a1dfad85dbf7fb6e33cbba17668497490b"
  integrity sha512-PwDt186XaL3QN5qXj/H9DGyHhP3/RYYgZZwqBv9Tv8rsAaiwFH1IsJJlcgD37J7UW5a6O67qX0KWKS3/pu0m4w==
  dependencies:
    tslib "^2.1.0"

safe-buffer@~5.2.0:
  version "5.2.1"
  resolved "https://registry.yarnpkg.com/safe-buffer/-/safe-buffer-5.2.1.tgz#1eaf9fa9bdb1fdd4ec75f58f9cdb4e6b7827eec6"
  integrity sha512-rp3So07KcdmmKbGvgaNxQSJr7bGVSVk5S9Eq1F+ppbRo70+YeaDxkw5Dd8NPN+GD6bjnYm2VuPuCXmpuYvmCXQ==

sentence-case@^3.0.4:
  version "3.0.4"
  resolved "https://registry.yarnpkg.com/sentence-case/-/sentence-case-3.0.4.tgz#3645a7b8c117c787fde8702056225bb62a45131f"
  integrity sha512-8LS0JInaQMCRoQ7YUytAo/xUu5W2XnQxV2HI/6uM6U7CITS1RqPElr30V6uIqyMKM9lJGRVFy5/4CuzcixNYSg==
  dependencies:
    no-case "^3.0.4"
    tslib "^2.0.3"
    upper-case-first "^2.0.2"

snake-case@^3.0.4:
  version "3.0.4"
  resolved "https://registry.yarnpkg.com/snake-case/-/snake-case-3.0.4.tgz#4f2bbd568e9935abdfd593f34c691dadb49c452c"
  integrity sha512-LAOh4z89bGQvl9pFfNF8V146i7o7/CqFPbqzYgP+yYzDIDeS9HaNFtXABamRW+AQzEVODcvE79ljJ+8a9YSdMg==
  dependencies:
    dot-case "^3.0.4"
    tslib "^2.0.3"

split-on-first@^1.0.0:
  version "1.1.0"
  resolved "https://registry.yarnpkg.com/split-on-first/-/split-on-first-1.1.0.tgz#f610afeee3b12bce1d0c30425e76398b78249a5f"
  integrity sha512-43ZssAJaMusuKWL8sKUBQXHWOpq8d6CfN/u1p4gUzfJkM05C8rxTmYrkIPTXapZpORA6LkkzcUulJ8FqA7Uudw==

split@0.2.x:
  version "0.2.10"
  resolved "https://registry.yarnpkg.com/split/-/split-0.2.10.tgz#67097c601d697ce1368f418f06cd201cf0521a57"
  integrity sha1-Zwl8YB1pfOE2j0GPBs0gHPBSGlc=
  dependencies:
    through "2"

strict-uri-encode@^2.0.0:
  version "2.0.0"
  resolved "https://registry.yarnpkg.com/strict-uri-encode/-/strict-uri-encode-2.0.0.tgz#b9c7330c7042862f6b142dc274bbcc5866ce3546"
  integrity sha1-ucczDHBChi9rFC3CdLvMWGbONUY=

string_decoder@^1.1.1:
  version "1.3.0"
  resolved "https://registry.yarnpkg.com/string_decoder/-/string_decoder-1.3.0.tgz#42f114594a46cf1a8e30b0a84f56c78c3edac21e"
  integrity sha512-hkRX8U1WjJFd8LsDJ2yQ/wWWxaopEsABU1XfkM8A+j0+85JAGppt16cr1Whg6KIbb4okU6Mql6BOj+uup/wKeA==
  dependencies:
    safe-buffer "~5.2.0"

through@2, through@2.3.x:
  version "2.3.8"
  resolved "https://registry.yarnpkg.com/through/-/through-2.3.8.tgz#0dd4c9ffaabc357960b1b724115d7e0e86a2e1f5"
  integrity sha1-DdTJ/6q8NXlgsbckEV1+Doai4fU=

tr46@~0.0.3:
  version "0.0.3"
  resolved "https://registry.yarnpkg.com/tr46/-/tr46-0.0.3.tgz#8184fd347dac9cdc185992f3a6622e14b9d9ab6a"
  integrity sha1-gYT9NH2snNwYWZLzpmIuFLnZq2o=

tslib@^2.0.3, tslib@^2.1.0:
  version "2.3.1"
  resolved "https://registry.yarnpkg.com/tslib/-/tslib-2.3.1.tgz#e8a335add5ceae51aa261d32a490158ef042ef01"
  integrity sha512-77EbyPPpMz+FRFRuAFlWMtmgUWGe9UOG2Z25NqCwiIjRhOf5iKGuzSe5P2w1laq+FkRy4p+PCuVkJSGkzTEKVw==

typescript-memoize@^1.0.0-alpha.4:
  version "1.1.0"
  resolved "https://registry.yarnpkg.com/typescript-memoize/-/typescript-memoize-1.1.0.tgz#4a8f512d06fc995167c703a3592219901db8bc79"
  integrity sha512-LQPKVXK8QrBBkL/zclE6YgSWn0I8ew5m0Lf+XL00IwMhlotqRLlzHV+BRrljVQIc+NohUAuQP7mg4HQwrx5Xbg==

uint8arrays@^2.0.5, uint8arrays@^2.1.3, uint8arrays@^2.1.4, uint8arrays@^2.1.5:
  version "2.1.10"
  resolved "https://registry.yarnpkg.com/uint8arrays/-/uint8arrays-2.1.10.tgz#34d023c843a327c676e48576295ca373c56e286a"
  integrity sha512-Q9/hhJa2836nQfEJSZTmr+pg9+cDJS9XEAp7N2Vg5MzL3bK/mkMVfjscRGYruP9jNda6MAdf4QD/y78gSzkp6A==
  dependencies:
    multiformats "^9.4.2"

uint8arrays@^3.0.0:
  version "3.0.0"
  resolved "https://registry.yarnpkg.com/uint8arrays/-/uint8arrays-3.0.0.tgz#260869efb8422418b6f04e3fac73a3908175c63b"
  integrity sha512-HRCx0q6O9Bfbp+HHSfQQKD7wU70+lydKVt4EghkdOvlK/NlrF90z+eXV34mUd48rNvVJXwkrMSPpCATkct8fJA==
  dependencies:
    multiformats "^9.4.2"

upper-case-first@^2.0.2:
  version "2.0.2"
  resolved "https://registry.yarnpkg.com/upper-case-first/-/upper-case-first-2.0.2.tgz#992c3273f882abd19d1e02894cc147117f844324"
  integrity sha512-514ppYHBaKwfJRK/pNC6c/OxfGa0obSnAl106u97Ed0I625Nin96KAjttZF6ZL3e1XLtphxnqrOi9iWgm+u+bg==
  dependencies:
    tslib "^2.0.3"

upper-case@^2.0.2:
  version "2.0.2"
  resolved "https://registry.yarnpkg.com/upper-case/-/upper-case-2.0.2.tgz#d89810823faab1df1549b7d97a76f8662bae6f7a"
  integrity sha512-KgdgDGJt2TpuwBUIjgG6lzw2GWFRCW9Qkfkiv0DxqHHLYJHmtmdUIKcZd8rHgFSjopVTlw6ggzCm1b8MFQwikg==
  dependencies:
    tslib "^2.0.3"

uri-js@^4.2.2:
  version "4.4.1"
  resolved "https://registry.yarnpkg.com/uri-js/-/uri-js-4.4.1.tgz#9b1a52595225859e55f669d928f88c6c57f2a77e"
  integrity sha512-7rKUyy33Q1yc98pQ1DAmLtwX109F7TIfWlW1Ydo8Wl1ii1SeHieeh0HHfPeL2fMXK6z0s8ecKs9frCuLJvndBg==
  dependencies:
    punycode "^2.1.0"

util-deprecate@^1.0.1:
  version "1.0.2"
  resolved "https://registry.yarnpkg.com/util-deprecate/-/util-deprecate-1.0.2.tgz#450d4dc9fa70de732762fbd2d4a28981419a0ccf"
  integrity sha1-RQ1Nyfpw3nMnYvvS1KKJgUGaDM8=

util@^0.11.1:
  version "0.11.1"
  resolved "https://registry.yarnpkg.com/util/-/util-0.11.1.tgz#3236733720ec64bb27f6e26f421aaa2e1b588d61"
  integrity sha512-HShAsny+zS2TZfaXxD9tYj4HQGlBezXZMZuM/S5PKLLoZkShZiGk9o5CzukI1LVHZvjdvZ2Sj1aW/Ndn2NB/HQ==
  dependencies:
    inherits "2.0.3"

varint@^5.0.2:
  version "5.0.2"
  resolved "https://registry.yarnpkg.com/varint/-/varint-5.0.2.tgz#5b47f8a947eb668b848e034dcfa87d0ff8a7f7a4"
  integrity sha512-lKxKYG6H03yCZUpAGOPOsMcGxd1RHCu1iKvEHYDPmTyq2HueGhD73ssNBqqQWfvYs04G9iUFRvmAVLW20Jw6ow==

varint@^6.0.0:
  version "6.0.0"
  resolved "https://registry.yarnpkg.com/varint/-/varint-6.0.0.tgz#9881eb0ce8feaea6512439d19ddf84bf551661d0"
  integrity sha512-cXEIW6cfr15lFv563k4GuVuW/fiwjknytD37jIOLSdSWuOI6WnO/oKwmP2FQTU2l01LP8/M5TSAJpzUaGe3uWg==

webidl-conversions@^3.0.0:
  version "3.0.1"
  resolved "https://registry.yarnpkg.com/webidl-conversions/-/webidl-conversions-3.0.1.tgz#24534275e2a7bc6be7bc86611cc16ae0a5654871"
  integrity sha1-JFNCdeKnvGvnvIZhHMFq4KVlSHE=

whatwg-url@^5.0.0:
  version "5.0.0"
  resolved "https://registry.yarnpkg.com/whatwg-url/-/whatwg-url-5.0.0.tgz#966454e8765462e37644d3626f6742ce8b70965d"
  integrity sha1-lmRU6HZUYuN2RNNib2dCzotwll0=
  dependencies:
    tr46 "~0.0.3"
    webidl-conversions "^3.0.0"
